github.com/PuerkitoBio/goquery v1.4.1/go.mod h1:T9ezsOHcCrDCgA8aF1Cqr3sSYbO/xgdy8/R/XiIMAhA=
github.com/ddliu/go-httpclient v0.6.2 h1:ro/T0S+jTeUY3r6QsbSo1EMhGBrCtp3OCZnVGsLpwWY=
github.com/ddliu/go-httpclient v0.6.2/go.mod h1:8QVbjq00YK2f2MQyiKuWMdaKOFRcoD9VuubkNCNOuZo=
github.com/fatih/color v1.7.0 h1:DkWD4oS2D8LGGgTQ6IvwJJXSL5Vp2ffcQg58nFV38Ys=
github.com/fatih/color v1.7.0/go.mod h1:Zm6kSWBoL9eyXnKyktHP6abPY2pDugNf5KwzbycvMj4=
github.com/mattn/go-colorable v0.1.0 h1:v2XXALHHh6zHfYTJ+cSkwtyffnaOyR1MXaA91mTrb8o=
github.com/mattn/go-colorable v0.1.0/go.mod h1:9vuHe8Xs5qXnSaW/c/ABM9alt+Vo+STaOChaDxuIBZU=
github.com/mattn/go-isatty v0.0.5-0.20180830101745-3fb116b82035 h1:USWjF42jDCSEeikX/G1g40ZWnsPXN5WkZ4jMHZWyBK4=
github.com/mattn/go-isatty v0.0.5-0.20180830101745-3fb116b82035/go.mod h1:M+lRXTBqGeGNdLjl/ufCoiOlB5xdOkqRJdNxMWT7Zi4=
github.com/shamsher31/goimgext v1.0.1-0.20150901183411-ad898e2bd644 h1:FBa0tQ3T80NUT1lHvmx9ocTNMDHzMThAN5F7q8+ojAs=
github.com/shamsher31/goimgext v1.0.1-0.20150901183411-ad898e2bd644/go.mod h1:rYLKgXuTGBIaH49z+jUVSWz7gUWIZmqvYUsdvJbNNOc=
github.com/shamsher31/goimgtype v1.0.0 h1:7nmPz5GEb01sjFUojCbZJcBI68A8tmLXoCFbb5I34u4=
github.com/shamsher31/goimgtype v1.0.0/go.mod h1:OZm3NZQDbK0ezlk9IV5oq3cWQwjF1oVSxKNx19bkf64=
github.com/tidwall/gjson v1.1.2 h1:2cScOmQ0oRDK1idscWbg9Va8xvQ88Lqb73rkgg8scEo=
github.com/tidwall/gjson v1.1.2/go.mod h1:c/nTNbUr0E0OrXEhq1pwa8iEgc2DOt4ZZqAt1HtCkPA=
github.com/tidwall/match v1.0.1 h1:PnKP62LPNxHKTwvHHZZzdOAOCtsJTjo6dZLCwpKm5xc=
github.com/tidwall/match v1.0.1/go.mod h1:LujAq0jyVjBy028G1WhWfIzbpQfMO8bBZ6Tyb0+pL9E=
golang.org/x/sys v0.0.0-20190927073244-c990c680b611 h1:q9u40nxWT5zRClI/uU9dHCiYGottAg6Nzz4YUQyHxdA=
golang.org/x/sys v0.0.0-20190927073244-c990c680b611/go.mod h1:h1NjWce9XRLGQEsW7wpKNCjG9DtNlClVuFLEZdDNbEs=
gopkg.in/gographics/imagick.v2 v2.2.0 h1:vEX1ppYimH6mtOV4nzh/N4Zw9WyqcNMMnEjqKzM9EDE=
gopkg.in/gographics/imagick.v2 v2.2.0/go.mod h1:of4TbGX8yMcpgWkWFjha7FsOFr+NjOJ5O1qtKU27Yj0=
