hash: 732745189c7196d6e7c849527d7c9ce9a4079f203f493d8881f37c5859862733
updated: 2019-09-27T16:29:29.71572+08:00
imports:
- name: github.com/ddliu/go-httpclient
  version: 095b03c7bbcc67af3414611b53c2bc2e75529269
- name: github.com/fatih/color
  version: 5b77d2a35fb0ede96d138fc9a99f5c9b6aef11b4
- name: github.com/mattn/go-colorable
  version: efa589957cd060542a26d2dd7832fd6a6c6c3ade
- name: github.com/mattn/go-isatty
  version: 3fb116b820352b7f0c281308a4d6250c22d94e27
- name: github.com/PuerkitoBio/goquery
  version: dc2ec5c7ca4d9aae063b79b9f581dd3ea6afd2b2
- name: github.com/tidwall/gjson
  version: f123b340873a0084cb27267eddd8ff615115fbff
- name: github.com/tidwall/match
  version: 33827db735fff6510490d69a8622612558a557ed
- name: golang.org/x/sys
  version: c990c680b611ac1aeb7d8f2af94a825f98d69720
  subpackages:
  - unix
testImports: []
