hash: fa74806174b9fe31a4c0cd5f68bcda9ca7d69a8c70b740525267d7fe8364fa6a
updated: 2019-01-28T15:54:16.252904+08:00
imports:
- name: github.com/ddliu/go-httpclient
  version: 72917d81d0423a6235790470d15a4d099e3490f9
- name: github.com/fatih/color
  version: 5b77d2a35fb0ede96d138fc9a99f5c9b6aef11b4
- name: github.com/mattn/go-colorable
  version: efa589957cd060542a26d2dd7832fd6a6c6c3ade
- name: github.com/mattn/go-isatty
  version: 3fb116b820352b7f0c281308a4d6250c22d94e27
- name: github.com/PuerkitoBio/goquery
  version: dc2ec5c7ca4d9aae063b79b9f581dd3ea6afd2b2
- name: github.com/tidwall/gjson
  version: f123b340873a0084cb27267eddd8ff615115fbff
- name: github.com/tidwall/match
  version: 33827db735fff6510490d69a8622612558a557ed
- name: golang.org/x/sys/unix
  version: b90733256f2e882e81d52f9126de08df5615afd9
testImports: []
